// !$*UTF8*$!
{
	archiveVersion = 1;
	classes = {
	};
	objectVersion = 50;
	objects = {

/* Begin PBXBuildFile section */
		B3C315D42526A6A20057C351 /* AppDelegate.swift in Sources */ = {isa = PBXBuildFile; fileRef = B3C315D32526A6A20057C351 /* AppDelegate.swift */; };
		B3C315D62526A6A20057C351 /* SceneDelegate.swift in Sources */ = {isa = PBXBuildFile; fileRef = B3C315D52526A6A20057C351 /* SceneDelegate.swift */; };
		B3C315D82526A6A20057C351 /* ViewController.swift in Sources */ = {isa = PBXBuildFile; fileRef = B3C315D72526A6A20057C351 /* ViewController.swift */; };
		B3C315DB2526A6A20057C351 /* Main.storyboard in Resources */ = {isa = PBXBuildFile; fileRef = B3C315D92526A6A20057C351 /* Main.storyboard */; };
		B3C315DD2526A6A30057C351 /* Assets.xcassets in Resources */ = {isa = PBXBuildFile; fileRef = B3C315DC2526A6A30057C351 /* Assets.xcassets */; };
		B3C315E02526A6A30057C351 /* LaunchScreen.storyboard in Resources */ = {isa = PBXBuildFile; fileRef = B3C315DE2526A6A30057C351 /* LaunchScreen.storyboard */; };
		B3C315EB2526A6A30057C351 /* InstagramTests.swift in Sources */ = {isa = PBXBuildFile; fileRef = B3C315EA2526A6A30057C351 /* InstagramTests.swift */; };
		B3C315F62526A6A30057C351 /* InstagramUITests.swift in Sources */ = {isa = PBXBuildFile; fileRef = B3C315F52526A6A30057C351 /* InstagramUITests.swift */; };
/* End PBXBuildFile section */

/* Begin PBXContainerItemProxy section */
		B3C315E72526A6A30057C351 /* PBXContainerItemProxy */ = {
			isa = PBXContainerItemProxy;
			containerPortal = B3C315C82526A6A20057C351 /* Project object */;
			proxyType = 1;
			remoteGlobalIDString = B3C315CF2526A6A20057C351;
			remoteInfo = Instagram;
		};
		B3C315F22526A6A30057C351 /* PBXContainerItemProxy */ = {
			isa = PBXContainerItemProxy;
			containerPortal = B3C315C82526A6A20057C351 /* Project object */;
			proxyType = 1;
			remoteGlobalIDString = B3C315CF2526A6A20057C351;
			remoteInfo = Instagram;
		};
/* End PBXContainerItemProxy section */

/* Begin PBXFileReference section */
		B3C315D02526A6A20057C351 /* Instagram.app */ = {isa = PBXFileReference; explicitFileType = wrapper.application; includeInIndex = 0; path = Instagram.app; sourceTree = BUILT_PRODUCTS_DIR; };
		B3C315D32526A6A20057C351 /* AppDelegate.swift */ = {isa = PBXFileReference; lastKnownFileType = sourcecode.swift; path = AppDelegate.swift; sourceTree = "<group>"; };
		B3C315D52526A6A20057C351 /* SceneDelegate.swift */ = {isa = PBXFileReference; lastKnownFileType = sourcecode.swift; path = SceneDelegate.swift; sourceTree = "<group>"; };
		B3C315D72526A6A20057C351 /* ViewController.swift */ = {isa = PBXFileReference; lastKnownFileType = sourcecode.swift; path = ViewController.swift; sourceTree = "<group>"; };
		B3C315DA2526A6A20057C351 /* Base */ = {isa = PBXFileReference; lastKnownFileType = file.storyboard; name = Base; path = Base.lproj/Main.storyboard; sourceTree = "<group>"; };
		B3C315DC2526A6A30057C351 /* Assets.xcassets */ = {isa = PBXFileReference; lastKnownFileType = folder.assetcatalog; path = Assets.xcassets; sourceTree = "<group>"; };
		B3C315DF2526A6A30057C351 /* Base */ = {isa = PBXFileReference; lastKnownFileType = file.storyboard; name = Base; path = Base.lproj/LaunchScreen.storyboard; sourceTree = "<group>"; };
		B3C315E12526A6A30057C351 /* Info.plist */ = {isa = PBXFileReference; lastKnownFileType = text.plist.xml; path = Info.plist; sourceTree = "<group>"; };
		B3C315E62526A6A30057C351 /* InstagramTests.xctest */ = {isa = PBXFileReference; explicitFileType = wrapper.cfbundle; includeInIndex = 0; path = InstagramTests.xctest; sourceTree = BUILT_PRODUCTS_DIR; };
		B3C315EA2526A6A30057C351 /* InstagramTests.swift */ = {isa = PBXFileReference; lastKnownFileType = sourcecode.swift; path = InstagramTests.swift; sourceTree = "<group>"; };
		B3C315EC2526A6A30057C351 /* Info.plist */ = {isa = PBXFileReference; lastKnownFileType = text.plist.xml; path = Info.plist; sourceTree = "<group>"; };
		B3C315F12526A6A30057C351 /* InstagramUITests.xctest */ = {isa = PBXFileReference; explicitFileType = wrapper.cfbundle; includeInIndex = 0; path = InstagramUITests.xctest; sourceTree = BUILT_PRODUCTS_DIR; };
		B3C315F52526A6A30057C351 /* InstagramUITests.swift */ = {isa = PBXFileReference; lastKnownFileType = sourcecode.swift; path = InstagramUITests.swift; sourceTree = "<group>"; };
		B3C315F72526A6A30057C351 /* Info.plist */ = {isa = PBXFileReference; lastKnownFileType = text.plist.xml; path = Info.plist; sourceTree = "<group>"; };
/* End PBXFileReference section */

/* Begin PBXFrameworksBuildPhase section */
		B3C315CD2526A6A20057C351 /* Frameworks */ = {
			isa = PBXFrameworksBuildPhase;
			buildActionMask = 2147483647;
			files = (
			);
			runOnlyForDeploymentPostprocessing = 0;
		};
		B3C315E32526A6A30057C351 /* Frameworks */ = {
			isa = PBXFrameworksBuildPhase;
			buildActionMask = 2147483647;
			files = (
			);
			runOnlyForDeploymentPostprocessing = 0;
		};
		B3C315EE2526A6A30057C351 /* Frameworks */ = {
			isa = PBXFrameworksBuildPhase;
			buildActionMask = 2147483647;
			files = (
			);
			runOnlyForDeploymentPostprocessing = 0;
		};
/* End PBXFrameworksBuildPhase section */

/* Begin PBXGroup section */
		B3C315C72526A6A20057C351 = {
			isa = PBXGroup;
			children = (
				B3C315D22526A6A20057C351 /* Instagram */,
				B3C315E92526A6A30057C351 /* InstagramTests */,
				B3C315F42526A6A30057C351 /* InstagramUITests */,
				B3C315D12526A6A20057C351 /* Products */,
			);
			sourceTree = "<group>";
		};
		B3C315D12526A6A20057C351 /* Products */ = {
			isa = PBXGroup;
			children = (
				B3C315D02526A6A20057C351 /* Instagram.app */,
				B3C315E62526A6A30057C351 /* InstagramTests.xctest */,
				B3C315F12526A6A30057C351 /* InstagramUITests.xctest */,
			);
			name = Products;
			sourceTree = "<group>";
		};
		B3C315D22526A6A20057C351 /* Instagram */ = {
			isa = PBXGroup;
			children = (
				B3C315D32526A6A20057C351 /* AppDelegate.swift */,
				B3C315D52526A6A20057C351 /* SceneDelegate.swift */,
				B3C315D72526A6A20057C351 /* ViewController.swift */,
				B3C315D92526A6A20057C351 /* Main.storyboard */,
				B3C315DC2526A6A30057C351 /* Assets.xcassets */,
				B3C315DE2526A6A30057C351 /* LaunchScreen.storyboard */,
				B3C315E12526A6A30057C351 /* Info.plist */,
			);
			path = Instagram;
			sourceTree = "<group>";
		};
		B3C315E92526A6A30057C351 /* InstagramTests */ = {
			isa = PBXGroup;
			children = (
				B3C315EA2526A6A30057C351 /* InstagramTests.swift */,
				B3C315EC2526A6A30057C351 /* Info.plist */,
			);
			path = InstagramTests;
			sourceTree = "<group>";
		};
		B3C315F42526A6A30057C351 /* InstagramUITests */ = {
			isa = PBXGroup;
			children = (
				B3C315F52526A6A30057C351 /* InstagramUITests.swift */,
				B3C315F72526A6A30057C351 /* Info.plist */,
			);
			path = InstagramUITests;
			sourceTree = "<group>";
		};
/* End PBXGroup section */

/* Begin PBXNativeTarget section */
		B3C315CF2526A6A20057C351 /* Instagram */ = {
			isa = PBXNativeTarget;
			buildConfigurationList = B3C315FA2526A6A30057C351 /* Build configuration list for PBXNativeTarget "Instagram" */;
			buildPhases = (
				B3C315CC2526A6A20057C351 /* Sources */,
				B3C315CD2526A6A20057C351 /* Frameworks */,
				B3C315CE2526A6A20057C351 /* Resources */,
			);
			buildRules = (
			);
			dependencies = (
			);
			name = Instagram;
			productName = Instagram;
			productReference = B3C315D02526A6A20057C351 /* Instagram.app */;
			productType = "com.apple.product-type.application";
		};
		B3C315E52526A6A30057C351 /* InstagramTests */ = {
			isa = PBXNativeTarget;
			buildConfigurationList = B3C315FD2526A6A30057C351 /* Build configuration list for PBXNativeTarget "InstagramTests" */;
			buildPhases = (
				B3C315E22526A6A30057C351 /* Sources */,
				B3C315E32526A6A30057C351 /* Frameworks */,
				B3C315E42526A6A30057C351 /* Resources */,
			);
			buildRules = (
			);
			dependencies = (
				B3C315E82526A6A30057C351 /* PBXTargetDependency */,
			);
			name = InstagramTests;
			productName = InstagramTests;
			productReference = B3C315E62526A6A30057C351 /* InstagramTests.xctest */;
			productType = "com.apple.product-type.bundle.unit-test";
		};
		B3C315F02526A6A30057C351 /* InstagramUITests */ = {
			isa = PBXNativeTarget;
			buildConfigurationList = B3C316002526A6A30057C351 /* Build configuration list for PBXNativeTarget "InstagramUITests" */;
			buildPhases = (
				B3C315ED2526A6A30057C351 /* Sources */,
				B3C315EE2526A6A30057C351 /* Frameworks */,
				B3C315EF2526A6A30057C351 /* Resources */,
			);
			buildRules = (
			);
			dependencies = (
				B3C315F32526A6A30057C351 /* PBXTargetDependency */,
			);
			name = InstagramUITests;
			productName = InstagramUITests;
			productReference = B3C315F12526A6A30057C351 /* InstagramUITests.xctest */;
			productType = "com.apple.product-type.bundle.ui-testing";
		};
/* End PBXNativeTarget section */

/* Begin PBXProject section */
		B3C315C82526A6A20057C351 /* Project object */ = {
			isa = PBXProject;
			attributes = {
				LastSwiftUpdateCheck = 1160;
				LastUpgradeCheck = 1160;
				ORGANIZATIONNAME = "andywang1197@icloud.com";
				TargetAttributes = {
					B3C315CF2526A6A20057C351 = {
						CreatedOnToolsVersion = 11.6;
					};
					B3C315E52526A6A30057C351 = {
						CreatedOnToolsVersion = 11.6;
						TestTargetID = B3C315CF2526A6A20057C351;
					};
					B3C315F02526A6A30057C351 = {
						CreatedOnToolsVersion = 11.6;
						TestTargetID = B3C315CF2526A6A20057C351;
					};
				};
			};
			buildConfigurationList = B3C315CB2526A6A20057C351 /* Build configuration list for PBXProject "Instagram" */;
			compatibilityVersion = "Xcode 9.3";
			developmentRegion = en;
			hasScannedForEncodings = 0;
			knownRegions = (
				en,
				Base,
			);
			mainGroup = B3C315C72526A6A20057C351;
			productRefGroup = B3C315D12526A6A20057C351 /* Products */;
			projectDirPath = "";
			projectRoot = "";
			targets = (
				B3C315CF2526A6A20057C351 /* Instagram */,
				B3C315E52526A6A30057C351 /* InstagramTests */,
				B3C315F02526A6A30057C351 /* InstagramUITests */,
			);
		};
/* End PBXProject section */

/* Begin PBXResourcesBuildPhase section */
		B3C315CE2526A6A20057C351 /* Resources */ = {
			isa = PBXResourcesBuildPhase;
			buildActionMask = 2147483647;
			files = (
				B3C315E02526A6A30057C351 /* LaunchScreen.storyboard in Resources */,
				B3C315DD2526A6A30057C351 /* Assets.xcassets in Resources */,
				B3C315DB2526A6A20057C351 /* Main.storyboard in Resources */,
			);
			runOnlyForDeploymentPostprocessing = 0;
		};
		B3C315E42526A6A30057C351 /* Resources */ = {
			isa = PBXResourcesBuildPhase;
			buildActionMask = 2147483647;
			files = (
			);
			runOnlyForDeploymentPostprocessing = 0;
		};
		B3C315EF2526A6A30057C351 /* Resources */ = {
			isa = PBXResourcesBuildPhase;
			buildActionMask = 2147483647;
			files = (
			);
			runOnlyForDeploymentPostprocessing = 0;
		};
/* End PBXResourcesBuildPhase section */

/* Begin PBXSourcesBuildPhase section */
		B3C315CC2526A6A20057C351 /* Sources */ = {
			isa = PBXSourcesBuildPhase;
			buildActionMask = 2147483647;
			files = (
				B3C315D82526A6A20057C351 /* ViewController.swift in Sources */,
				B3C315D42526A6A20057C351 /* AppDelegate.swift in Sources */,
				B3C315D62526A6A20057C351 /* SceneDelegate.swift in Sources */,
			);
			runOnlyForDeploymentPostprocessing = 0;
		};
		B3C315E22526A6A30057C351 /* Sources */ = {
			isa = PBXSourcesBuildPhase;
			buildActionMask = 2147483647;
			files = (
				B3C315EB2526A6A30057C351 /* InstagramTests.swift in Sources */,
			);
			runOnlyForDeploymentPostprocessing = 0;
		};
		B3C315ED2526A6A30057C351 /* Sources */ = {
			isa = PBXSourcesBuildPhase;
			buildActionMask = 2147483647;
			files = (
				B3C315F62526A6A30057C351 /* InstagramUITests.swift in Sources */,
			);
			runOnlyForDeploymentPostprocessing = 0;
		};
/* End PBXSourcesBuildPhase section */

/* Begin PBXTargetDependency section */
		B3C315E82526A6A30057C351 /* PBXTargetDependency */ = {
			isa = PBXTargetDependency;
			target = B3C315CF2526A6A20057C351 /* Instagram */;
			targetProxy = B3C315E72526A6A30057C351 /* PBXContainerItemProxy */;
		};
		B3C315F32526A6A30057C351 /* PBXTargetDependency */ = {
			isa = PBXTargetDependency;
			target = B3C315CF2526A6A20057C351 /* Instagram */;
			targetProxy = B3C315F22526A6A30057C351 /* PBXContainerItemProxy */;
		};
/* End PBXTargetDependency section */

/* Begin PBXVariantGroup section */
		B3C315D92526A6A20057C351 /* Main.storyboard */ = {
			isa = PBXVariantGroup;
			children = (
				B3C315DA2526A6A20057C351 /* Base */,
			);
			name = Main.storyboard;
			sourceTree = "<group>";
		};
		B3C315DE2526A6A30057C351 /* LaunchScreen.storyboard */ = {
			isa = PBXVariantGroup;
			children = (
				B3C315DF2526A6A30057C351 /* Base */,
			);
			name = LaunchScreen.storyboard;
			sourceTree = "<group>";
		};
/* End PBXVariantGroup section */

/* Begin XCBuildConfiguration section */
		B3C315F82526A6A30057C351 /* Debug */ = {
			isa = XCBuildConfiguration;
			buildSettings = {
				ALWAYS_SEARCH_USER_PATHS = NO;
				CLANG_ANALYZER_NONNULL = YES;
				CLANG_ANALYZER_NUMBER_OBJECT_CONVERSION = YES_AGGRESSIVE;
				CLANG_CXX_LANGUAGE_STANDARD = "gnu++14";
				CLANG_CXX_LIBRARY = "libc++";
				CLANG_ENABLE_MODULES = YES;
				CLANG_ENABLE_OBJC_ARC = YES;
				CLANG_ENABLE_OBJC_WEAK = YES;
				CLANG_WARN_BLOCK_CAPTURE_AUTORELEASING = YES;
				CLANG_WARN_BOOL_CONVERSION = YES;
				CLANG_WARN_COMMA = YES;
				CLANG_WARN_CONSTANT_CONVERSION = YES;
				CLANG_WARN_DEPRECATED_OBJC_IMPLEMENTATIONS = YES;
				CLANG_WARN_DIRECT_OBJC_ISA_USAGE = YES_ERROR;
				CLANG_WARN_DOCUMENTATION_COMMENTS = YES;
				CLANG_WARN_EMPTY_BODY = YES;
				CLANG_WARN_ENUM_CONVERSION = YES;
				CLANG_WARN_INFINITE_RECURSION = YES;
				CLANG_WARN_INT_CONVERSION = YES;
				CLANG_WARN_NON_LITERAL_NULL_CONVERSION = YES;
				CLANG_WARN_OBJC_IMPLICIT_RETAIN_SELF = YES;
				CLANG_WARN_OBJC_LITERAL_CONVERSION = YES;
				CLANG_WARN_OBJC_ROOT_CLASS = YES_ERROR;
				CLANG_WARN_RANGE_LOOP_ANALYSIS = YES;
				CLANG_WARN_STRICT_PROTOTYPES = YES;
				CLANG_WARN_SUSPICIOUS_MOVE = YES;
				CLANG_WARN_UNGUARDED_AVAILABILITY = YES_AGGRESSIVE;
				CLANG_WARN_UNREACHABLE_CODE = YES;
				CLANG_WARN__DUPLICATE_METHOD_MATCH = YES;
				COPY_PHASE_STRIP = NO;
				DEBUG_INFORMATION_FORMAT = dwarf;
				ENABLE_STRICT_OBJC_MSGSEND = YES;
				ENABLE_TESTABILITY = YES;
				GCC_C_LANGUAGE_STANDARD = gnu11;
				GCC_DYNAMIC_NO_PIC = NO;
				GCC_NO_COMMON_BLOCKS = YES;
				GCC_OPTIMIZATION_LEVEL = 0;
				GCC_PREPROCESSOR_DEFINITIONS = (
					"DEBUG=1",
					"$(inherited)",
				);
				GCC_WARN_64_TO_32_BIT_CONVERSION = YES;
				GCC_WARN_ABOUT_RETURN_TYPE = YES_ERROR;
				GCC_WARN_UNDECLARED_SELECTOR = YES;
				GCC_WARN_UNINITIALIZED_AUTOS = YES_AGGRESSIVE;
				GCC_WARN_UNUSED_FUNCTION = YES;
				GCC_WARN_UNUSED_VARIABLE = YES;
				IPHONEOS_DEPLOYMENT_TARGET = 13.6;
				MTL_ENABLE_DEBUG_INFO = INCLUDE_SOURCE;
				MTL_FAST_MATH = YES;
				ONLY_ACTIVE_ARCH = YES;
				SDKROOT = iphoneos;
				SWIFT_ACTIVE_COMPILATION_CONDITIONS = DEBUG;
				SWIFT_OPTIMIZATION_LEVEL = "-Onone";
			};
			name = Debug;
		};
		B3C315F92526A6A30057C351 /* Release */ = {
			isa = XCBuildConfiguration;
			buildSettings = {
				ALWAYS_SEARCH_USER_PATHS = NO;
				CLANG_ANALYZER_NONNULL = YES;
				CLANG_ANALYZER_NUMBER_OBJECT_CONVERSION = YES_AGGRESSIVE;
				CLANG_CXX_LANGUAGE_STANDARD = "gnu++14";
				CLANG_CXX_LIBRARY = "libc++";
				CLANG_ENABLE_MODULES = YES;
				CLANG_ENABLE_OBJC_ARC = YES;
				CLANG_ENABLE_OBJC_WEAK = YES;
				CLANG_WARN_BLOCK_CAPTURE_AUTORELEASING = YES;
				CLANG_WARN_BOOL_CONVERSION = YES;
				CLANG_WARN_COMMA = YES;
				CLANG_WARN_CONSTANT_CONVERSION = YES;
				CLANG_WARN_DEPRECATED_OBJC_IMPLEMENTATIONS = YES;
				CLANG_WARN_DIRECT_OBJC_ISA_USAGE = YES_ERROR;
				CLANG_WARN_DOCUMENTATION_COMMENTS = YES;
				CLANG_WARN_EMPTY_BODY = YES;
				CLANG_WARN_ENUM_CONVERSION = YES;
				CLANG_WARN_INFINITE_RECURSION = YES;
				CLANG_WARN_INT_CONVERSION = YES;
				CLANG_WARN_NON_LITERAL_NULL_CONVERSION = YES;
				CLANG_WARN_OBJC_IMPLICIT_RETAIN_SELF = YES;
				CLANG_WARN_OBJC_LITERAL_CONVERSION = YES;
				CLANG_WARN_OBJC_ROOT_CLASS = YES_ERROR;
				CLANG_WARN_RANGE_LOOP_ANALYSIS = YES;
				CLANG_WARN_STRICT_PROTOTYPES = YES;
				CLANG_WARN_SUSPICIOUS_MOVE = YES;
				CLANG_WARN_UNGUARDED_AVAILABILITY = YES_AGGRESSIVE;
				CLANG_WARN_UNREACHABLE_CODE = YES;
				CLANG_WARN__DUPLICATE_METHOD_MATCH = YES;
				COPY_PHASE_STRIP = NO;
				DEBUG_INFORMATION_FORMAT = "dwarf-with-dsym";
				ENABLE_NS_ASSERTIONS = NO;
				ENABLE_STRICT_OBJC_MSGSEND = YES;
				GCC_C_LANGUAGE_STANDARD = gnu11;
				GCC_NO_COMMON_BLOCKS = YES;
				GCC_WARN_64_TO_32_BIT_CONVERSION = YES;
				GCC_WARN_ABOUT_RETURN_TYPE = YES_ERROR;
				GCC_WARN_UNDECLARED_SELECTOR = YES;
				GCC_WARN_UNINITIALIZED_AUTOS = YES_AGGRESSIVE;
				GCC_WARN_UNUSED_FUNCTION = YES;
				GCC_WARN_UNUSED_VARIABLE = YES;
				IPHONEOS_DEPLOYMENT_TARGET = 13.6;
				MTL_ENABLE_DEBUG_INFO = NO;
				MTL_FAST_MATH = YES;
				SDKROOT = iphoneos;
				SWIFT_COMPILATION_MODE = wholemodule;
				SWIFT_OPTIMIZATION_LEVEL = "-O";
				VALIDATE_PRODUCT = YES;
			};
			name = Release;
		};
		B3C315FB2526A6A30057C351 /* Debug */ = {
			isa = XCBuildConfiguration;
			buildSettings = {
				ASSETCATALOG_COMPILER_APPICON_NAME = AppIcon;
				CODE_SIGN_STYLE = Automatic;
				DEVELOPMENT_TEAM = 436R8M7XYZ;
				INFOPLIST_FILE = Instagram/Info.plist;
				LD_RUNPATH_SEARCH_PATHS = (
					"$(inherited)",
					"@executable_path/Frameworks",
				);
				PRODUCT_BUNDLE_IDENTIFIER = com.AndyWang.Instagram;
				PRODUCT_NAME = "$(TARGET_NAME)";
				SWIFT_VERSION = 5.0;
				TARGETED_DEVICE_FAMILY = "1,2";
			};
			name = Debug;
		};
		B3C315FC2526A6A30057C351 /* Release */ = {
			isa = XCBuildConfiguration;
			buildSettings = {
				ASSETCATALOG_COMPILER_APPICON_NAME = AppIcon;
				CODE_SIGN_STYLE = Automatic;
				DEVELOPMENT_TEAM = 436R8M7XYZ;
				INFOPLIST_FILE = Instagram/Info.plist;
				LD_RUNPATH_SEARCH_PATHS = (
					"$(inherited)",
					"@executable_path/Frameworks",
				);
				PRODUCT_BUNDLE_IDENTIFIER = com.AndyWang.Instagram;
				PRODUCT_NAME = "$(TARGET_NAME)";
				SWIFT_VERSION = 5.0;
				TARGETED_DEVICE_FAMILY = "1,2";
			};
			name = Release;
		};
		B3C315FE2526A6A30057C351 /* Debug */ = {
			isa = XCBuildConfiguration;
			buildSettings = {
				ALWAYS_EMBED_SWIFT_STANDARD_LIBRARIES = YES;
				BUNDLE_LOADER = "$(TEST_HOST)";
				CODE_SIGN_STYLE = Automatic;
				DEVELOPMENT_TEAM = 436R8M7XYZ;
				INFOPLIST_FILE = InstagramTests/Info.plist;
				IPHONEOS_DEPLOYMENT_TARGET = 13.6;
				LD_RUNPATH_SEARCH_PATHS = (
					"$(inherited)",
					"@executable_path/Frameworks",
					"@loader_path/Frameworks",
				);
				PRODUCT_BUNDLE_IDENTIFIER = com.AndyWang.InstagramTests;
				PRODUCT_NAME = "$(TARGET_NAME)";
				SWIFT_VERSION = 5.0;
				TARGETED_DEVICE_FAMILY = "1,2";
				TEST_HOST = "$(BUILT_PRODUCTS_DIR)/Instagram.app/Instagram";
			};
			name = Debug;
		};
		B3C315FF2526A6A30057C351 /* Release */ = {
			isa = XCBuildConfiguration;
			buildSettings = {
				ALWAYS_EMBED_SWIFT_STANDARD_LIBRARIES = YES;
				BUNDLE_LOADER = "$(TEST_HOST)";
				CODE_SIGN_STYLE = Automatic;
				DEVELOPMENT_TEAM = 436R8M7XYZ;
				INFOPLIST_FILE = InstagramTests/Info.plist;
				IPHONEOS_DEPLOYMENT_TARGET = 13.6;
				LD_RUNPATH_SEARCH_PATHS = (
					"$(inherited)",
					"@executable_path/Frameworks",
					"@loader_path/Frameworks",
				);
				PRODUCT_BUNDLE_IDENTIFIER = com.AndyWang.InstagramTests;
				PRODUCT_NAME = "$(TARGET_NAME)";
				SWIFT_VERSION = 5.0;
				TARGETED_DEVICE_FAMILY = "1,2";
				TEST_HOST = "$(BUILT_PRODUCTS_DIR)/Instagram.app/Instagram";
			};
			name = Release;
		};
		B3C316012526A6A30057C351 /* Debug */ = {
			isa = XCBuildConfiguration;
			buildSettings = {
				ALWAYS_EMBED_SWIFT_STANDARD_LIBRARIES = YES;
				CODE_SIGN_STYLE = Automatic;
				DEVELOPMENT_TEAM = 436R8M7XYZ;
				INFOPLIST_FILE = InstagramUITests/Info.plist;
				LD_RUNPATH_SEARCH_PATHS = (
					"$(inherited)",
					"@executable_path/Frameworks",
					"@loader_path/Frameworks",
				);
				PRODUCT_BUNDLE_IDENTIFIER = com.AndyWang.InstagramUITests;
				PRODUCT_NAME = "$(TARGET_NAME)";
				SWIFT_VERSION = 5.0;
				TARGETED_DEVICE_FAMILY = "1,2";
				TEST_TARGET_NAME = Instagram;
			};
			name = Debug;
		};
		B3C316022526A6A30057C351 /* Release */ = {
			isa = XCBuildConfiguration;
			buildSettings = {
				ALWAYS_EMBED_SWIFT_STANDARD_LIBRARIES = YES;
				CODE_SIGN_STYLE = Automatic;
				DEVELOPMENT_TEAM = 436R8M7XYZ;
				INFOPLIST_FILE = InstagramUITests/Info.plist;
				LD_RUNPATH_SEARCH_PATHS = (
					"$(inherited)",
					"@executable_path/Frameworks",
					"@loader_path/Frameworks",
				);
				PRODUCT_BUNDLE_IDENTIFIER = com.AndyWang.InstagramUITests;
				PRODUCT_NAME = "$(TARGET_NAME)";
				SWIFT_VERSION = 5.0;
				TARGETED_DEVICE_FAMILY = "1,2";
				TEST_TARGET_NAME = Instagram;
			};
			name = Release;
		};
/* End XCBuildConfiguration section */

/* Begin XCConfigurationList section */
		B3C315CB2526A6A20057C351 /* Build configuration list for PBXProject "Instagram" */ = {
			isa = XCConfigurationList;
			buildConfigurations = (
				B3C315F82526A6A30057C351 /* Debug */,
				B3C315F92526A6A30057C351 /* Release */,
			);
			defaultConfigurationIsVisible = 0;
			defaultConfigurationName = Release;
		};
		B3C315FA2526A6A30057C351 /* Build configuration list for PBXNativeTarget "Instagram" */ = {
			isa = XCConfigurationList;
			buildConfigurations = (
				B3C315FB2526A6A30057C351 /* Debug */,
				B3C315FC2526A6A30057C351 /* Release */,
			);
			defaultConfigurationIsVisible = 0;
			defaultConfigurationName = Release;
		};
		B3C315FD2526A6A30057C351 /* Build configuration list for PBXNativeTarget "InstagramTests" */ = {
			isa = XCConfigurationList;
			buildConfigurations = (
				B3C315FE2526A6A30057C351 /* Debug */,
				B3C315FF2526A6A30057C351 /* Release */,
			);
			defaultConfigurationIsVisible = 0;
			defaultConfigurationName = Release;
		};
		B3C316002526A6A30057C351 /* Build configuration list for PBXNativeTarget "InstagramUITests" */ = {
			isa = XCConfigurationList;
			buildConfigurations = (
				B3C316012526A6A30057C351 /* Debug */,
				B3C316022526A6A30057C351 /* Release */,
			);
			defaultConfigurationIsVisible = 0;
			defaultConfigurationName = Release;
		};
/* End XCConfigurationList section */
	};
	rootObject = B3C315C82526A6A20057C351 /* Project object */;
}
